
Microsoft Visual Studio Solution File, Format Version 12.00
# Visual Studio Version 17
VisualStudioVersion = 17.13.35931.197 d17.13
MinimumVisualStudioVersion = 10.0.40219.1
Project("{FAE04EC0-301F-11D3-BF4B-00C04F79EFBC}") = "EventManagerENG", "EventManagerENG\EventManagerENG.csproj", "{7C3A00F5-107F-4615-AB0C-C4B46E62AFA7}"
EndProject
Global
	GlobalSection(SolutionConfigurationPlatforms) = preSolution
		Debug|Any CPU = Debug|Any CPU
		Release|Any CPU = Release|Any CPU
	EndGlobalSection
	GlobalSection(ProjectConfigurationPlatforms) = postSolution
		{7C3A00F5-107F-4615-AB0C-C4B46E62AFA7}.Debug|Any CPU.ActiveCfg = Debug|Any CPU
		{7C3A00F5-107F-4615-AB0C-C4B46E62AFA7}.Debug|Any CPU.Build.0 = Debug|Any CPU
		{7C3A00F5-107F-4615-AB0C-C4B46E62AFA7}.Release|Any CPU.ActiveCfg = Release|Any CPU
		{7C3A00F5-107F-4615-AB0C-C4B46E62AFA7}.Release|Any CPU.Build.0 = Release|Any CPU
	EndGlobalSection
	GlobalSection(SolutionProperties) = preSolution
		HideSolutionNode = FALSE
	EndGlobalSection
	GlobalSection(ExtensibilityGlobals) = postSolution
		SolutionGuid = {55E63AE9-F353-43E2-B567-52FD447279F1}
	EndGlobalSection
EndGlobal
